hash: befa63dc8582d3709cab8d4c388b4ceff21aa301c48da786bb871ba7e6d37ac8
updated: 2017-06-14T18:37:16.718704846+02:00
imports:
- name: github.com/Azure/go-ansiterm
  version: fa152c58bc15761d0200cb75fe958b89a9d4888e
  subpackages:
  - winterm
- name: github.com/cenk/backoff
  version: 32cd0c5b3aef12c76ed64aaf678f6c79736be7dc
- name: github.com/cenkalti/backoff
  version: 5d150e7eec023ce7a124856b37c68e54b4050ac7
- name: github.com/davecgh/go-spew
  version: 6d212800a42e8ab5c146b8ace3490ee17e5225f9
  subpackages:
  - spew
- name: github.com/docker/docker
  version: 4845c567eb35d68f35b0b1713a09b0c8d47fe67e
  subpackages:
  - api/types
  - api/types/blkiodev
  - api/types/container
  - api/types/filters
  - api/types/mount
  - api/types/network
  - api/types/registry
  - api/types/strslice
  - api/types/swarm
  - api/types/versions
  - opts
  - pkg/archive
  - pkg/fileutils
  - pkg/homedir
  - pkg/idtools
  - pkg/ioutils
  - pkg/jsonlog
  - pkg/jsonmessage
  - pkg/longpath
  - pkg/pools
  - pkg/promise
  - pkg/stdcopy
  - pkg/system
  - pkg/term
  - pkg/term/windows
- name: github.com/docker/go-connections
  version: e15c02316c12de00874640cd76311849de2aeed5
  subpackages:
  - nat
- name: github.com/docker/go-units
  version: 0dadbb0345b35ec7ef35e228dabb8de89a65bf52
- name: github.com/fsouza/go-dockerclient
  version: 9e921e30db8bcc1221fa0485ad9ce5b195fb4445
- name: github.com/go-errors/errors
  version: 8fa88b06e5974e97fbf9899a7f86a344bfd1f105
- name: github.com/go-redis/redis
  version: 62ecc61210cb7dd8ca9aebb8bebbc849c358383b
  subpackages:
  - internal
  - internal/consistenthash
  - internal/hashtag
  - internal/pool
  - internal/proto
- name: github.com/go-sql-driver/mysql
  version: a0583e0143b1624142adab07e0e97fe106d99561
- name: github.com/golang/protobuf
  version: 2402d76f3d41f928c7902a765dfc872356dd3aad
  subpackages:
  - proto
- name: github.com/hailocab/go-hostpool
  version: e80d13ce29ede4452c43dea11e79b9bc8a15b478
- name: github.com/hashicorp/go-cleanhttp
  version: 3573b8b52aa7b37b9358d966a898feb387f62437
- name: github.com/jmoiron/sqlx
  version: d9bd385d68c068f1fabb5057e3dedcbcbb039d0f
  subpackages:
  - reflectx
- name: github.com/lib/pq
  version: 8837942c3e09574accbc5f150e2c5e057189cace
  subpackages:
  - oid
- name: github.com/Microsoft/go-winio
  version: f533f7a102197536779ea3a8cb881d639e21ec5a
- name: github.com/nats-io/go-nats
  version: 61923ed1eaf8398000991fbbee2ef11ab5a5be0d
- name: github.com/nats-io/nats
  version: 0f25ebdb0f66fac3de939396a6eeb64d3cee23cd
  subpackages:
  - encoders/builtin
  - util
- name: github.com/nats-io/nuid
  version: 3cf34f9fca4e88afa9da8eabd75e3326c9941b44
- name: github.com/Nvveen/Gotty
  version: cd527374f1e5bff4938207604a14f2e38a9cf512
- name: github.com/oleiade/reflections
  version: 2b6ec3da648e3e834dc41bad8d9ed7f2dc6a9496
- name: github.com/opencontainers/runc
  version: c995ee407bdd9b2c3f649b42527fe3e02894096e
  subpackages:
  - libcontainer/system
  - libcontainer/user
- name: github.com/ory-am/dockertest
  version: 9d0647ae761f96a6738c5afb49688d22979b21ff
- name: github.com/pborman/uuid
  version: a97ce2ca70fa5a848076093f05e639a89ca34d06
- name: github.com/pkg/errors
  version: 645ef00459ed84a119197bfb8d8205042c6df63d
- name: github.com/pmezard/go-difflib
  version: d8ed2627bdf02c080bf22230dbb337003b7aba2d
  subpackages:
  - difflib
- name: github.com/Sirupsen/logrus
  version: 202f25545ea4cf9b191ff7f846df5d87c9382c2b
  repo: https://github.com/sirupsen/logrus.git
- name: github.com/sirupsen/logrus
  version: 202f25545ea4cf9b191ff7f846df5d87c9382c2b
- name: github.com/stretchr/testify
  version: 69483b4bd14f5845b5a1e55bca19e954e827f1d0
  subpackages:
  - assert
  - require
- name: golang.org/x/crypto
  version: 850760c427c516be930bc91280636328f1a62286
  subpackages:
  - pbkdf2
- name: golang.org/x/net
  version: f315505cf3349909cdf013ea56690da34e96a451
  subpackages:
  - context
  - context/ctxhttp
- name: golang.org/x/sys
  version: 0b25a408a50076fbbcae6b7ac0ea5fbb0b085e79
  subpackages:
  - unix
  - windows
- name: gopkg.in/fatih/pool.v2
  version: 6e328e67893eb46323ad06f0e92cb9536babbabc
- name: gopkg.in/gorethink/gorethink.v3
  version: 7ab832f7b65573104a555d84a27992ae9ea1f659
  subpackages:
  - encoding
  - ql2
  - types
testImports:
- name: gopkg.in/ory-am/dockertest.v3
  version: 9d0647ae761f96a6738c5afb49688d22979b21ff
